
Microsoft Visual Studio Solution File, Format Version 12.00
# Visual Studio Version 17
VisualStudioVersion = 17.6.33712.159
MinimumVisualStudioVersion = 10.0.40219.1
Project("{FAE04EC0-301F-11D3-BF4B-00C04F79EFBC}") = "EasyCashPresentationUI", "EasyCashPresentationUI\EasyCashPresentationUI.csproj", "{97EC10BE-1B2A-41ED-90CA-A65906E18EA9}"
EndProject
Project("{FAE04EC0-301F-11D3-BF4B-00C04F79EFBC}") = "EasyCash.EntityLayer", "EasyCash.EntityLayer\EasyCash.EntityLayer.csproj", "{7014593B-2E83-458B-9B46-460CEE27C1EB}"
EndProject
Project("{FAE04EC0-301F-11D3-BF4B-00C04F79EFBC}") = "EasyCash.DtoLayer", "EasyCash.DtoLayer\EasyCash.DtoLayer.csproj", "{8DCBD034-0520-4B15-82F7-BC3AF0759C7E}"
EndProject
Project("{FAE04EC0-301F-11D3-BF4B-00C04F79EFBC}") = "EasyCash.DataAccessLayer", "EasyCash.DataAccessLayer\EasyCash.DataAccessLayer.csproj", "{3604F737-4943-43B9-9EB1-E77E390B3054}"
EndProject
Project("{FAE04EC0-301F-11D3-BF4B-00C04F79EFBC}") = "EasyCash.BusinessLayer", "EasyCash.BusinessLayer\EasyCash.BusinessLayer.csproj", "{471A3875-7D04-40C9-B49D-BB21A7BF468A}"
EndProject
Global
	GlobalSection(SolutionConfigurationPlatforms) = preSolution
		Debug|Any CPU = Debug|Any CPU
		Release|Any CPU = Release|Any CPU
	EndGlobalSection
	GlobalSection(ProjectConfigurationPlatforms) = postSolution
		{97EC10BE-1B2A-41ED-90CA-A65906E18EA9}.Debug|Any CPU.ActiveCfg = Debug|Any CPU
		{97EC10BE-1B2A-41ED-90CA-A65906E18EA9}.Debug|Any CPU.Build.0 = Debug|Any CPU
		{97EC10BE-1B2A-41ED-90CA-A65906E18EA9}.Release|Any CPU.ActiveCfg = Release|Any CPU
		{97EC10BE-1B2A-41ED-90CA-A65906E18EA9}.Release|Any CPU.Build.0 = Release|Any CPU
		{7014593B-2E83-458B-9B46-460CEE27C1EB}.Debug|Any CPU.ActiveCfg = Debug|Any CPU
		{7014593B-2E83-458B-9B46-460CEE27C1EB}.Debug|Any CPU.Build.0 = Debug|Any CPU
		{7014593B-2E83-458B-9B46-460CEE27C1EB}.Release|Any CPU.ActiveCfg = Release|Any CPU
		{7014593B-2E83-458B-9B46-460CEE27C1EB}.Release|Any CPU.Build.0 = Release|Any CPU
		{8DCBD034-0520-4B15-82F7-BC3AF0759C7E}.Debug|Any CPU.ActiveCfg = Debug|Any CPU
		{8DCBD034-0520-4B15-82F7-BC3AF0759C7E}.Debug|Any CPU.Build.0 = Debug|Any CPU
		{8DCBD034-0520-4B15-82F7-BC3AF0759C7E}.Release|Any CPU.ActiveCfg = Release|Any CPU
		{8DCBD034-0520-4B15-82F7-BC3AF0759C7E}.Release|Any CPU.Build.0 = Release|Any CPU
		{3604F737-4943-43B9-9EB1-E77E390B3054}.Debug|Any CPU.ActiveCfg = Debug|Any CPU
		{3604F737-4943-43B9-9EB1-E77E390B3054}.Debug|Any CPU.Build.0 = Debug|Any CPU
		{3604F737-4943-43B9-9EB1-E77E390B3054}.Release|Any CPU.ActiveCfg = Release|Any CPU
		{3604F737-4943-43B9-9EB1-E77E390B3054}.Release|Any CPU.Build.0 = Release|Any CPU
		{471A3875-7D04-40C9-B49D-BB21A7BF468A}.Debug|Any CPU.ActiveCfg = Debug|Any CPU
		{471A3875-7D04-40C9-B49D-BB21A7BF468A}.Debug|Any CPU.Build.0 = Debug|Any CPU
		{471A3875-7D04-40C9-B49D-BB21A7BF468A}.Release|Any CPU.ActiveCfg = Release|Any CPU
		{471A3875-7D04-40C9-B49D-BB21A7BF468A}.Release|Any CPU.Build.0 = Release|Any CPU
	EndGlobalSection
	GlobalSection(SolutionProperties) = preSolution
		HideSolutionNode = FALSE
	EndGlobalSection
	GlobalSection(ExtensibilityGlobals) = postSolution
		SolutionGuid = {54FABDAB-BC3B-41AB-8288-C3AAEED1474D}
	EndGlobalSection
EndGlobal
